# THIS IS AN AUTOGENERATED FILE. DO NOT EDIT THIS FILE DIRECTLY.
# yarn lockfile v1


nodejs-base64-encode@^1.1.0:
  version "1.1.0"
  resolved "https://registry.yarnpkg.com/nodejs-base64-encode/-/nodejs-base64-encode-1.1.0.tgz#5e11ae6142b4a61976b2bb0b65cc545925eea35e"
  integrity sha512-KVAtRWpmL/Pb9X0eHb/w73Z9iVaiOKnEyXzijvp9Yopyf2iA97ciWq8YlXIgu2tDwUZ4JPswksbWixBNn1+LdQ==
